# This file is @generated by PDM.
# It is not intended for manual editing.

[metadata]
groups = ["default", "quality"]
strategy = []
lock_version = "4.5.0"
content_hash = "sha256:b3d92c87575db5a077ed7dca1d1f21ebd6dbe4794bfd3d4fb0b6aebbc0da0ebf"

[[metadata.targets]]
requires_python = ">=3.11"

[[package]]
name = "click"
version = "8.1.3"
requires_python = ">=3.7"
summary = "Composable command line interface toolkit"
dependencies = [
    "colorama; platform_system == \"Windows\"",
    "importlib-metadata; python_version < \"3.8\"",
]
files = [
    {file = "click-8.1.3-py3-none-any.whl", hash = "sha256:bb4d8133cb15a609f44e8213d9b391b0809795062913b383c62be0ee95b1db48"},
    {file = "click-8.1.3.tar.gz", hash = "sha256:7682dc8afb30297001674575ea00d1814d808d6a36af415a82bd481d37ba7b8e"},
]

[[package]]
name = "click-aliases"
version = "1.0.1"
summary = "Enable aliases for Click"
dependencies = [
    "click",
]
files = [
    {file = "click-aliases-1.0.1.tar.gz", hash = "sha256:f48012077e0788eb02f4f8ee458fef3601873fec6c998e9ea8b4554394e705a3"},
    {file = "click_aliases-1.0.1-py2.py3-none-any.whl", hash = "sha256:229ecab12a97d1d5ce3f1fd7ce16da0e4333a24ebe3b34d8b7a6d0a1d2cfab90"},
]

[[package]]
name = "colorama"
version = "0.4.6"
requires_python = "!=3.0.*,!=3.1.*,!=3.2.*,!=3.3.*,!=3.4.*,!=3.5.*,!=3.6.*,>=2.7"
summary = "Cross-platform colored terminal text."
files = [
    {file = "colorama-0.4.6-py2.py3-none-any.whl", hash = "sha256:4f1d9991f5acc0ca119f9d443620b77f9d6b33703e51011c16baf57afb285fc6"},
    {file = "colorama-0.4.6.tar.gz", hash = "sha256:08695f5cb7ed6e0531a20572697297273c47b8cae5a63ffc6d6ed5c201be6e44"},
]

[[package]]
name = "deprecation"
version = "2.1.0"
summary = "A library to handle automated deprecations"
dependencies = [
    "packaging",
]
files = [
    {file = "deprecation-2.1.0-py2.py3-none-any.whl", hash = "sha256:a10811591210e1fb0e768a8c25517cabeabcba6f0bf96564f8ff45189f90b14a"},
    {file = "deprecation-2.1.0.tar.gz", hash = "sha256:72b3bde64e5d778694b0cf68178aed03d15e15477116add3fb773e581f9518ff"},
]

[[package]]
name = "img2pdf"
version = "0.4.4"
summary = "Convert images to PDF via direct JPEG inclusion."
dependencies = [
    "Pillow",
    "pikepdf",
]
files = [
    {file = "img2pdf-0.4.4.tar.gz", hash = "sha256:8ec898a9646523fd3862b154f3f47cd52609c24cc3e2dc1fb5f0168f0cbe793c"},
]

[[package]]
name = "lxml"
version = "4.9.2"
requires_python = ">=2.7, !=3.0.*, !=3.1.*, !=3.2.*, !=3.3.*, != 3.4.*"
summary = "Powerful and Pythonic XML processing library combining libxml2/libxslt with the ElementTree API."
files = [
    {file = "lxml-4.9.2-cp311-cp311-manylinux_2_12_i686.manylinux2010_i686.manylinux_2_24_i686.whl", hash = "sha256:c83203addf554215463b59f6399835201999b5e48019dc17f182ed5ad87205c9"},
    {file = "lxml-4.9.2-cp311-cp311-manylinux_2_17_aarch64.manylinux2014_aarch64.manylinux_2_24_aarch64.whl", hash = "sha256:2a87fa548561d2f4643c99cd13131acb607ddabb70682dcf1dff5f71f781a4bf"},
    {file = "lxml-4.9.2-cp311-cp311-manylinux_2_17_x86_64.manylinux2014_x86_64.manylinux_2_24_x86_64.whl", hash = "sha256:d6b430a9938a5a5d85fc107d852262ddcd48602c120e3dbb02137c83d212b380"},
    {file = "lxml-4.9.2-cp311-cp311-musllinux_1_1_aarch64.whl", hash = "sha256:3efea981d956a6f7173b4659849f55081867cf897e719f57383698af6f618a92"},
    {file = "lxml-4.9.2-cp311-cp311-musllinux_1_1_x86_64.whl", hash = "sha256:df0623dcf9668ad0445e0558a21211d4e9a149ea8f5666917c8eeec515f0a6d1"},
    {file = "lxml-4.9.2-cp311-cp311-win32.whl", hash = "sha256:da248f93f0418a9e9d94b0080d7ebc407a9a5e6d0b57bb30db9b5cc28de1ad33"},
    {file = "lxml-4.9.2-cp311-cp311-win_amd64.whl", hash = "sha256:3818b8e2c4b5148567e1b09ce739006acfaa44ce3156f8cbbc11062994b8e8dd"},
    {file = "lxml-4.9.2.tar.gz", hash = "sha256:2455cfaeb7ac70338b3257f41e21f0724f4b5b0c0e7702da67ee6c3640835b67"},
]

[[package]]
name = "markdown-it-py"
version = "2.2.0"
requires_python = ">=3.7"
summary = "Python port of markdown-it. Markdown parsing, done right!"
dependencies = [
    "mdurl~=0.1",
    "typing-extensions>=3.7.4; python_version < \"3.8\"",
]
files = [
    {file = "markdown-it-py-2.2.0.tar.gz", hash = "sha256:7c9a5e412688bc771c67432cbfebcdd686c93ce6484913dccf06cb5a0bea35a1"},
    {file = "markdown_it_py-2.2.0-py3-none-any.whl", hash = "sha256:5a35f8d1870171d9acc47b99612dc146129b631baf04970128b568f190d0cc30"},
]

[[package]]
name = "mdurl"
version = "0.1.2"
requires_python = ">=3.7"
summary = "Markdown URL utilities"
files = [
    {file = "mdurl-0.1.2-py3-none-any.whl", hash = "sha256:84008a41e51615a49fc9966191ff91509e3c40b939176e643fd50a5c2196b8f8"},
    {file = "mdurl-0.1.2.tar.gz", hash = "sha256:bb413d29f5eea38f31dd4754dd7377d4465116fb207585f97bf925588687c1ba"},
]

[[package]]
name = "packaging"
version = "23.0"
requires_python = ">=3.7"
summary = "Core utilities for Python packages"
files = [
    {file = "packaging-23.0-py3-none-any.whl", hash = "sha256:714ac14496c3e68c99c29b00845f7a2b85f3bb6f1078fd9f72fd20f0570002b2"},
    {file = "packaging-23.0.tar.gz", hash = "sha256:b6ad297f8907de0fa2fe1ccbd26fdaf387f5f47c7275fedf8cce89f99446cf97"},
]

[[package]]
name = "pdf2image"
version = "1.16.3"
summary = "A wrapper around the pdftoppm and pdftocairo command line tools to convert PDF to a PIL Image list."
dependencies = [
    "pillow",
]
files = [
    {file = "pdf2image-1.16.3-py3-none-any.whl", hash = "sha256:b6154164af3677211c22cbb38b2bd778b43aca02758e962fe1e231f6d3b0e380"},
    {file = "pdf2image-1.16.3.tar.gz", hash = "sha256:74208810c2cef4d9e347769b8e62a52303982ddb4f2dfd744c7ab4b940ae287e"},
]

[[package]]
name = "pikepdf"
version = "7.1.1"
requires_python = ">=3.8"
summary = "Read and write PDFs with Python, powered by qpdf"
dependencies = [
    "Pillow>=9.0",
    "deprecation",
    "lxml>=4.8",
    "packaging",
]
files = [
    {file = "pikepdf-7.1.1-cp311-cp311-macosx_10_9_x86_64.whl", hash = "sha256:edea85799240a3b7534650b275bc7e87519ddf0f47ccf9bdad09b22381da5442"},
    {file = "pikepdf-7.1.1-cp311-cp311-manylinux_2_17_aarch64.manylinux2014_aarch64.whl", hash = "sha256:93d98f460eb209b89ce855a5defb059ca82326042ee52dcb692a05e1c1a24bef"},
    {file = "pikepdf-7.1.1-cp311-cp311-manylinux_2_17_i686.manylinux2014_i686.whl", hash = "sha256:cf912ab70313fd0f23a32811f8c3ea815a716ecfd6ee84a564c833d0c06f5483"},
    {file = "pikepdf-7.1.1-cp311-cp311-manylinux_2_17_x86_64.manylinux2014_x86_64.whl", hash = "sha256:dec854f908973c5c3760d246539c58c03b7b701a2bed45173f9a4e4d766d3eab"},
    {file = "pikepdf-7.1.1-cp311-cp311-win32.whl", hash = "sha256:422cb31ed4b489b9e18f4a803fab7c6ea10ef6916960a5d8b5e531c5af3bfbca"},
    {file = "pikepdf-7.1.1-cp311-cp311-win_amd64.whl", hash = "sha256:ab07529096da5ea410dea81add8d724ac91f093b982b86f503771bfe8864e48c"},
    {file = "pikepdf-7.1.1.tar.gz", hash = "sha256:eb310e903b9a172de352446458390ccce31a2bb19a387f63d37b135cb4cca3f1"},
]

[[package]]
name = "pillow"
version = "9.4.0"
requires_python = ">=3.7"
summary = "Python Imaging Library (Fork)"
files = [
    {file = "Pillow-9.4.0-1-cp311-cp311-macosx_10_10_x86_64.whl", hash = "sha256:fb5c1ad6bad98c57482236a21bf985ab0ef42bd51f7ad4e4538e89a997624e12"},
    {file = "Pillow-9.4.0-2-cp311-cp311-macosx_10_10_x86_64.whl", hash = "sha256:87708d78a14d56a990fbf4f9cb350b7d89ee8988705e58e39bdf4d82c149210f"},
    {file = "Pillow-9.4.0-cp311-cp311-macosx_10_10_x86_64.whl", hash = "sha256:3fa1284762aacca6dc97474ee9c16f83990b8eeb6697f2ba17140d54b453e133"},
    {file = "Pillow-9.4.0-cp311-cp311-macosx_11_0_arm64.whl", hash = "sha256:eaef5d2de3c7e9b21f1e762f289d17b726c2239a42b11e25446abf82b26ac132"},
    {file = "Pillow-9.4.0-cp311-cp311-manylinux_2_17_aarch64.manylinux2014_aarch64.whl", hash = "sha256:a4dfdae195335abb4e89cc9762b2edc524f3c6e80d647a9a81bf81e17e3fb6f0"},
    {file = "Pillow-9.4.0-cp311-cp311-manylinux_2_17_i686.manylinux2014_i686.whl", hash = "sha256:6abfb51a82e919e3933eb137e17c4ae9c0475a25508ea88993bb59faf82f3b35"},
    {file = "Pillow-9.4.0-cp311-cp311-manylinux_2_17_x86_64.manylinux2014_x86_64.whl", hash = "sha256:451f10ef963918e65b8869e17d67db5e2f4ab40e716ee6ce7129b0cde2876eab"},
    {file = "Pillow-9.4.0-cp311-cp311-manylinux_2_28_aarch64.whl", hash = "sha256:6663977496d616b618b6cfa43ec86e479ee62b942e1da76a2c3daa1c75933ef4"},
    {file = "Pillow-9.4.0-cp311-cp311-manylinux_2_28_x86_64.whl", hash = "sha256:60e7da3a3ad1812c128750fc1bc14a7ceeb8d29f77e0a2356a8fb2aa8925287d"},
    {file = "Pillow-9.4.0-cp311-cp311-musllinux_1_1_aarch64.whl", hash = "sha256:19005a8e58b7c1796bc0167862b1f54a64d3b44ee5d48152b06bb861458bc0f8"},
    {file = "Pillow-9.4.0-cp311-cp311-musllinux_1_1_x86_64.whl", hash = "sha256:f715c32e774a60a337b2bb8ad9839b4abf75b267a0f18806f6f4f5f1688c4b5a"},
    {file = "Pillow-9.4.0-cp311-cp311-win32.whl", hash = "sha256:b222090c455d6d1a64e6b7bb5f4035c4dff479e22455c9eaa1bdd4c75b52c80c"},
    {file = "Pillow-9.4.0-cp311-cp311-win_amd64.whl", hash = "sha256:ba6612b6548220ff5e9df85261bddc811a057b0b465a1226b39bfb8550616aee"},
    {file = "Pillow-9.4.0.tar.gz", hash = "sha256:a1c2d7780448eb93fbcc3789bf3916aa5720d942e37945f4056680317f1cd23e"},
]

[[package]]
name = "pycryptodome"
version = "3.20.0"
requires_python = ">=2.7, !=3.0.*, !=3.1.*, !=3.2.*, !=3.3.*, !=3.4.*"
summary = "Cryptographic library for Python"
files = [
    {file = "pycryptodome-3.20.0-cp35-abi3-macosx_10_9_universal2.whl", hash = "sha256:ac1c7c0624a862f2e53438a15c9259d1655325fc2ec4392e66dc46cdae24d044"},
    {file = "pycryptodome-3.20.0-cp35-abi3-macosx_10_9_x86_64.whl", hash = "sha256:76658f0d942051d12a9bd08ca1b6b34fd762a8ee4240984f7c06ddfb55eaf15a"},
    {file = "pycryptodome-3.20.0-cp35-abi3-manylinux_2_17_aarch64.manylinux2014_aarch64.whl", hash = "sha256:f35d6cee81fa145333137009d9c8ba90951d7d77b67c79cbe5f03c7eb74d8fe2"},
    {file = "pycryptodome-3.20.0-cp35-abi3-manylinux_2_17_x86_64.manylinux2014_x86_64.whl", hash = "sha256:76cb39afede7055127e35a444c1c041d2e8d2f1f9c121ecef573757ba4cd2c3c"},
    {file = "pycryptodome-3.20.0-cp35-abi3-manylinux_2_5_i686.manylinux1_i686.manylinux_2_17_i686.manylinux2014_i686.whl", hash = "sha256:49a4c4dc60b78ec41d2afa392491d788c2e06edf48580fbfb0dd0f828af49d25"},
    {file = "pycryptodome-3.20.0-cp35-abi3-musllinux_1_1_aarch64.whl", hash = "sha256:fb3b87461fa35afa19c971b0a2b7456a7b1db7b4eba9a8424666104925b78128"},
    {file = "pycryptodome-3.20.0-cp35-abi3-musllinux_1_1_i686.whl", hash = "sha256:acc2614e2e5346a4a4eab6e199203034924313626f9620b7b4b38e9ad74b7e0c"},
    {file = "pycryptodome-3.20.0-cp35-abi3-musllinux_1_1_x86_64.whl", hash = "sha256:210ba1b647837bfc42dd5a813cdecb5b86193ae11a3f5d972b9a0ae2c7e9e4b4"},
    {file = "pycryptodome-3.20.0-cp35-abi3-win32.whl", hash = "sha256:8d6b98d0d83d21fb757a182d52940d028564efe8147baa9ce0f38d057104ae72"},
    {file = "pycryptodome-3.20.0-cp35-abi3-win_amd64.whl", hash = "sha256:9b3ae153c89a480a0ec402e23db8d8d84a3833b65fa4b15b81b83be9d637aab9"},
    {file = "pycryptodome-3.20.0.tar.gz", hash = "sha256:09609209ed7de61c2b560cc5c8c4fbf892f8b15b1faf7e4cbffac97db1fffda7"},
]

[[package]]
name = "pygments"
version = "2.14.0"
requires_python = ">=3.6"
summary = "Pygments is a syntax highlighting package written in Python."
files = [
    {file = "Pygments-2.14.0-py3-none-any.whl", hash = "sha256:fa7bd7bd2771287c0de303af8bfdfc731f51bd2c6a47ab69d117138893b82717"},
    {file = "Pygments-2.14.0.tar.gz", hash = "sha256:b3ed06a9e8ac9a9aae5a6f5dbe78a8a58655d17b43b93c078f094ddc476ae297"},
]

[[package]]
name = "pypdf2"
version = "3.0.1"
requires_python = ">=3.6"
summary = "A pure-python PDF library capable of splitting, merging, cropping, and transforming PDF files"
dependencies = [
    "dataclasses; python_version < \"3.7\"",
    "typing-extensions>=3.10.0.0; python_version < \"3.10\"",
]
files = [
    {file = "PyPDF2-3.0.1.tar.gz", hash = "sha256:a74408f69ba6271f71b9352ef4ed03dc53a31aa404d29b5d31f53bfecfee1440"},
    {file = "pypdf2-3.0.1-py3-none-any.whl", hash = "sha256:d16e4205cfee272fbdc0568b68d82be796540b1537508cef59388f839c191928"},
]

[[package]]
name = "rich"
version = "13.3.2"
requires_python = ">=3.7.0"
summary = "Render rich text, tables, progress bars, syntax highlighting, markdown and more to the terminal"
dependencies = [
    "markdown-it-py<3.0.0,>=2.2.0",
    "pygments<3.0.0,>=2.13.0",
    "typing-extensions<5.0,>=4.0.0; python_version < \"3.9\"",
]
files = [
    {file = "rich-13.3.2-py3-none-any.whl", hash = "sha256:a104f37270bf677148d8acb07d33be1569eeee87e2d1beb286a4e9113caf6f2f"},
    {file = "rich-13.3.2.tar.gz", hash = "sha256:91954fe80cfb7985727a467ca98a7618e5dd15178cc2da10f553b36a93859001"},
]

[[package]]
name = "ruff"
version = "0.11.12"
requires_python = ">=3.7"
summary = "An extremely fast Python linter and code formatter, written in Rust."
files = [
    {file = "ruff-0.11.12-py3-none-linux_armv6l.whl", hash = "sha256:c7680aa2f0d4c4f43353d1e72123955c7a2159b8646cd43402de6d4a3a25d7cc"},
    {file = "ruff-0.11.12-py3-none-macosx_10_12_x86_64.whl", hash = "sha256:2cad64843da9f134565c20bcc430642de897b8ea02e2e79e6e02a76b8dcad7c3"},
    {file = "ruff-0.11.12-py3-none-macosx_11_0_arm64.whl", hash = "sha256:9b6886b524a1c659cee1758140138455d3c029783d1b9e643f3624a5ee0cb0aa"},
    {file = "ruff-0.11.12-py3-none-manylinux_2_17_aarch64.manylinux2014_aarch64.whl", hash = "sha256:3cc3a3690aad6e86c1958d3ec3c38c4594b6ecec75c1f531e84160bd827b2012"},
    {file = "ruff-0.11.12-py3-none-manylinux_2_17_armv7l.manylinux2014_armv7l.whl", hash = "sha256:f97fdbc2549f456c65b3b0048560d44ddd540db1f27c778a938371424b49fe4a"},
    {file = "ruff-0.11.12-py3-none-manylinux_2_17_i686.manylinux2014_i686.whl", hash = "sha256:74adf84960236961090e2d1348c1a67d940fd12e811a33fb3d107df61eef8fc7"},
    {file = "ruff-0.11.12-py3-none-manylinux_2_17_ppc64.manylinux2014_ppc64.whl", hash = "sha256:b56697e5b8bcf1d61293ccfe63873aba08fdbcbbba839fc046ec5926bdb25a3a"},
    {file = "ruff-0.11.12-py3-none-manylinux_2_17_ppc64le.manylinux2014_ppc64le.whl", hash = "sha256:4d47afa45e7b0eaf5e5969c6b39cbd108be83910b5c74626247e366fd7a36a13"},
    {file = "ruff-0.11.12-py3-none-manylinux_2_17_s390x.manylinux2014_s390x.whl", hash = "sha256:692bf9603fe1bf949de8b09a2da896f05c01ed7a187f4a386cdba6760e7f61be"},
    {file = "ruff-0.11.12-py3-none-manylinux_2_17_x86_64.manylinux2014_x86_64.whl", hash = "sha256:08033320e979df3b20dba567c62f69c45e01df708b0f9c83912d7abd3e0801cd"},
    {file = "ruff-0.11.12-py3-none-musllinux_1_2_aarch64.whl", hash = "sha256:929b7706584f5bfd61d67d5070f399057d07c70585fa8c4491d78ada452d3bef"},
    {file = "ruff-0.11.12-py3-none-musllinux_1_2_armv7l.whl", hash = "sha256:7de4a73205dc5756b8e09ee3ed67c38312dce1aa28972b93150f5751199981b5"},
    {file = "ruff-0.11.12-py3-none-musllinux_1_2_i686.whl", hash = "sha256:2635c2a90ac1b8ca9e93b70af59dfd1dd2026a40e2d6eebaa3efb0465dd9cf02"},
    {file = "ruff-0.11.12-py3-none-musllinux_1_2_x86_64.whl", hash = "sha256:d05d6a78a89166f03f03a198ecc9d18779076ad0eec476819467acb401028c0c"},
    {file = "ruff-0.11.12-py3-none-win32.whl", hash = "sha256:f5a07f49767c4be4772d161bfc049c1f242db0cfe1bd976e0f0886732a4765d6"},
    {file = "ruff-0.11.12-py3-none-win_amd64.whl", hash = "sha256:5a4d9f8030d8c3a45df201d7fb3ed38d0219bccd7955268e863ee4a115fa0832"},
    {file = "ruff-0.11.12-py3-none-win_arm64.whl", hash = "sha256:65194e37853158d368e333ba282217941029a28ea90913c67e558c611d04daa5"},
    {file = "ruff-0.11.12.tar.gz", hash = "sha256:43cf7f69c7d7c7d7513b9d59c5d8cafd704e05944f978614aa9faff6ac202603"},
]
